
Microsoft Visual Studio Solution File, Format Version 12.00
# Visual Studio Version 16
VisualStudioVersion = 16.0.31105.61
MinimumVisualStudioVersion = 10.0.40219.1
Project("{FAE04EC0-301F-11D3-BF4B-00C04F79EFBC}") = "ProjetoLogin", "ProjetoLogin\ProjetoLogin.csproj", "{5CFBF62D-1179-405A-A553-4133B2F523F4}"
EndProject
Global
	GlobalSection(SolutionConfigurationPlatforms) = preSolution
		Debug|Any CPU = Debug|Any CPU
		Release|Any CPU = Release|Any CPU
	EndGlobalSection
	GlobalSection(ProjectConfigurationPlatforms) = postSolution
		{5CFBF62D-1179-405A-A553-4133B2F523F4}.Debug|Any CPU.ActiveCfg = Debug|Any CPU
		{5CFBF62D-1179-405A-A553-4133B2F523F4}.Debug|Any CPU.Build.0 = Debug|Any CPU
		{5CFBF62D-1179-405A-A553-4133B2F523F4}.Release|Any CPU.ActiveCfg = Release|Any CPU
		{5CFBF62D-1179-405A-A553-4133B2F523F4}.Release|Any CPU.Build.0 = Release|Any CPU
	EndGlobalSection
	GlobalSection(SolutionProperties) = preSolution
		HideSolutionNode = FALSE
	EndGlobalSection
	GlobalSection(ExtensibilityGlobals) = postSolution
		SolutionGuid = {EB2B8B48-96EF-4625-BD60-E64EDC6B774C}
	EndGlobalSection
EndGlobal
